{
  "object": {
    "pins": [
      {
        "package": "AsyncExtensions",
        "repositoryURL": "https://github.com/shareup/async-extensions.git",
        "state": {
          "branch": null,
          "revision": "c35156a60edef5d1c72ec74828deff2d1e3ed26d",
          "version": "1.2.0"
        }
      },
      {
        "package": "DispatchTimer",
        "repositoryURL": "https://github.com/shareup/dispatch-timer.git",
        "state": {
          "branch": null,
          "revision": "a4b2b9d3415216b97715bc95b16fc51c2660651a",
          "version": "2.0.0"
        }
      },
      {
        "package": "swift-collections",
        "repositoryURL": "https://github.com/apple/swift-collections.git",
        "state": {
          "branch": null,
          "revision": "48254824bb4248676bf7ce56014ff57b142b77eb",
          "version": "1.0.2"
        }
      },
      {
        "package": "Synchronized",
        "repositoryURL": "https://github.com/shareup/synchronized.git",
        "state": {
          "branch": null,
          "revision": "ab58ad52ede004d65ee11b07aebb76392d9c0cec",
          "version": "3.1.0"
        }
      }
    ]
  },
  "version": 1
}
