{
  "object": {
    "pins": [
      {
        "package": "Forever",
        "repositoryURL": "https://github.com/shareup/forever.git",
        "state": {
          "branch": null,
          "revision": "2046d987986a43ae31c25f0e02ff9a2448cc45fb",
          "version": "0.0.2"
        }
      },
      {
        "package": "Synchronized",
        "repositoryURL": "https://github.com/shareup/synchronized.git",
        "state": {
          "branch": null,
          "revision": "3084d4ac37ef2726058e990f62d1e1110862975d",
          "version": "1.2.0"
        }
      }
    ]
  },
  "version": 1
}
